Microsoft Visual Studio Solution File, Format Version 12.00
# Visual Studio Version 17
VisualStudioVersion = 17.5.2.0
MinimumVisualStudioVersion = 10.0.40219.1
Project("{FAE04EC0-301F-11D3-BF4B-00C04F79EFBC}") = "VoiceRecognitionSample", "VoiceRecognitionSample\VoiceRecognitionSample.csproj", "{6876C270-224E-7DC3-890B-DFA5858A2755}"
EndProject
Global
	GlobalSection(SolutionConfigurationPlatforms) = preSolution
		Debug|Any CPU = Debug|Any CPU
		Release|Any CPU = Release|Any CPU
	EndGlobalSection
	GlobalSection(ProjectConfigurationPlatforms) = postSolution
		{6876C270-224E-7DC3-890B-DFA5858A2755}.Debug|Any CPU.ActiveCfg = Debug|Any CPU
		{6876C270-224E-7DC3-890B-DFA5858A2755}.Debug|Any CPU.Build.0 = Debug|Any CPU
		{6876C270-224E-7DC3-890B-DFA5858A2755}.Release|Any CPU.ActiveCfg = Release|Any CPU
		{6876C270-224E-7DC3-890B-DFA5858A2755}.Release|Any CPU.Build.0 = Release|Any CPU
	EndGlobalSection
	GlobalSection(SolutionProperties) = preSolution
		HideSolutionNode = FALSE
	EndGlobalSection
	GlobalSection(ExtensibilityGlobals) = postSolution
		SolutionGuid = {E80476D3-DF3F-4A5F-978F-39A89E2B9E30}
	EndGlobalSection
EndGlobal
